{
	"name": "puck-agent",
	"version": "0.1.0",
	"lockfileVersion": 3,
	"requires": true,
	"packages": {
		"": {
			"name": "puck-agent",
			"version": "0.1.0",
			"license": "MIT",
			"workspaces": [
				"packages/*"
			],
			"devDependencies": {
				"@types/node": "22.19.10",
				"typescript": "5.9.3"
			},
			"engines": {
				"node": ">=22.18.0"
			}
		},
		"node_modules/@puckguo123/core": {
			"resolved": "packages/core",
			"link": true
		},
		"node_modules/@puckguo123/features": {
			"resolved": "packages/features",
			"link": true
		},
		"node_modules/@puckguo123/llm": {
			"resolved": "packages/llm",
			"link": true
		},
		"node_modules/@puckguo123/memory": {
			"resolved": "packages/memory",
			"link": true
		},
		"node_modules/@puckguo123/sdk": {
			"resolved": "packages/sdk",
			"link": true
		},
		"node_modules/@puckguo123/session": {
			"resolved": "packages/session",
			"link": true
		},
		"node_modules/@puckguo123/store": {
			"resolved": "packages/store",
			"link": true
		},
		"node_modules/@puckguo123/timing": {
			"resolved": "packages/timing",
			"link": true
		},
		"node_modules/@puckguo123/tools": {
			"resolved": "packages/tools",
			"link": true
		},
		"node_modules/@puckguo123/web": {
			"resolved": "packages/web",
			"link": true
		},
		"node_modules/@types/node": {
			"version": "22.19.10",
			"resolved": "https://registry.npmjs.org/@types/node/-/node-22.19.10.tgz",
			"integrity": "sha512-tF5VOugLS/EuDlTBijk0MqABfP8UxgYazTLo3uIn3b4yJgg26QRbVYJYsDtHrjdDUIRfP70+VfhTTc+CE1yskw==",
			"dev": true,
			"license": "MIT",
			"dependencies": {
				"undici-types": "~6.21.0"
			}
		},
		"node_modules/puck-harness": {
			"resolved": "packages/cli",
			"link": true
		},
		"node_modules/typescript": {
			"version": "5.9.3",
			"resolved": "https://registry.npmjs.org/typescript/-/typescript-5.9.3.tgz",
			"integrity": "sha512-jl1vZzPDinLr9eUt3J/t7V6FgNEw9QjvBPdysz9KfQDD41fQrC2Y4vKQdiaUpFT4bXlb1RHhLpp8wtm6M5TgSw==",
			"dev": true,
			"license": "Apache-2.0",
			"bin": {
				"tsc": "bin/tsc",
				"tsserver": "bin/tsserver"
			},
			"engines": {
				"node": ">=14.17"
			}
		},
		"node_modules/undici-types": {
			"version": "6.21.0",
			"resolved": "https://registry.npmjs.org/undici-types/-/undici-types-6.21.0.tgz",
			"integrity": "sha512-iwDZqg0QAGrg9Rav5H4n0M64c3mkR59cJ6wQp+7C4nI0gsmExaedaYLNO44eT4AtBBwjbTiGPMlt2Md0T9H9JQ==",
			"dev": true,
			"license": "MIT"
		},
		"packages/cli": {
			"name": "puck-harness",
			"version": "0.1.0",
			"license": "MIT",
			"dependencies": {
				"@puckguo123/core": "*",
				"@puckguo123/features": "*",
				"@puckguo123/llm": "*",
				"@puckguo123/memory": "*",
				"@puckguo123/sdk": "*",
				"@puckguo123/session": "*",
				"@puckguo123/store": "*",
				"@puckguo123/timing": "*",
				"@puckguo123/tools": "*"
			},
			"bin": {
				"puck": "dist/index.js"
			},
			"engines": {
				"node": ">=22.18.0"
			}
		},
		"packages/core": {
			"name": "@puckguo123/core",
			"version": "0.1.0",
			"license": "MIT",
			"engines": {
				"node": ">=22.18.0"
			}
		},
		"packages/features": {
			"name": "@puckguo123/features",
			"version": "0.1.0",
			"license": "MIT",
			"dependencies": {
				"@puckguo123/core": "*"
			},
			"engines": {
				"node": ">=22.18.0"
			}
		},
		"packages/llm": {
			"name": "@puckguo123/llm",
			"version": "0.1.0",
			"license": "MIT",
			"dependencies": {
				"@puckguo123/core": "*"
			},
			"engines": {
				"node": ">=22.18.0"
			}
		},
		"packages/memory": {
			"name": "@puckguo123/memory",
			"version": "0.1.0",
			"license": "MIT",
			"dependencies": {
				"@puckguo123/core": "*",
				"@puckguo123/store": "*"
			},
			"devDependencies": {
				"typescript": "^5.9.3"
			},
			"engines": {
				"node": ">=22.18.0"
			}
		},
		"packages/sdk": {
			"name": "@puckguo123/sdk",
			"version": "0.1.0",
			"license": "MIT",
			"dependencies": {
				"@puckguo123/core": "*",
				"@puckguo123/features": "*",
				"@puckguo123/llm": "*",
				"@puckguo123/session": "*",
				"@puckguo123/tools": "*"
			},
			"engines": {
				"node": ">=22.18.0"
			}
		},
		"packages/session": {
			"name": "@puckguo123/session",
			"version": "0.1.0",
			"license": "MIT",
			"dependencies": {
				"@puckguo123/core": "*"
			},
			"engines": {
				"node": ">=22.18.0"
			}
		},
		"packages/store": {
			"name": "@puckguo123/store",
			"version": "0.1.0",
			"license": "MIT",
			"dependencies": {
				"@puckguo123/core": "*"
			},
			"devDependencies": {
				"typescript": "^5.9.3"
			},
			"engines": {
				"node": ">=22.18.0"
			}
		},
		"packages/timing": {
			"name": "@puckguo123/timing",
			"version": "0.1.0",
			"license": "MIT",
			"dependencies": {
				"@puckguo123/core": "*"
			},
			"engines": {
				"node": ">=22.18.0"
			}
		},
		"packages/tools": {
			"name": "@puckguo123/tools",
			"version": "0.1.0",
			"license": "MIT",
			"dependencies": {
				"@puckguo123/core": "*"
			},
			"engines": {
				"node": ">=22.18.0"
			}
		},
		"packages/web": {
			"name": "@puckguo123/web",
			"version": "0.1.0",
			"license": "MIT",
			"dependencies": {
				"@puckguo123/core": "*",
				"@puckguo123/features": "*",
				"@puckguo123/llm": "*",
				"@puckguo123/sdk": "*",
				"@puckguo123/session": "*",
				"@puckguo123/tools": "*"
			},
			"bin": {
				"puck-web": "dist/cli.js"
			},
			"engines": {
				"node": ">=22.18.0"
			}
		}
	}
}
